
Microsoft Visual Studio Solution File, Format Version 12.00
# Visual Studio Version 16
VisualStudioVersion = 16.0.29709.97
MinimumVisualStudioVersion = 10.0.40219.1
Project("{FAE04EC0-301F-11D3-BF4B-00C04F79EFBC}") = "prac_04_02", "prac_04_02.csproj", "{FF52F51D-2E66-46CA-BC95-B81CE7C603F5}"
EndProject
Global
	GlobalSection(SolutionConfigurationPlatforms) = preSolution
		Debug|Any CPU = Debug|Any CPU
		Release|Any CPU = Release|Any CPU
	EndGlobalSection
	GlobalSection(ProjectConfigurationPlatforms) = postSolution
		{FF52F51D-2E66-46CA-BC95-B81CE7C603F5}.Debug|Any CPU.ActiveCfg = Debug|Any CPU
		{FF52F51D-2E66-46CA-BC95-B81CE7C603F5}.Debug|Any CPU.Build.0 = Debug|Any CPU
		{FF52F51D-2E66-46CA-BC95-B81CE7C603F5}.Release|Any CPU.ActiveCfg = Release|Any CPU
		{FF52F51D-2E66-46CA-BC95-B81CE7C603F5}.Release|Any CPU.Build.0 = Release|Any CPU
	EndGlobalSection
	GlobalSection(SolutionProperties) = preSolution
		HideSolutionNode = FALSE
	EndGlobalSection
	GlobalSection(ExtensibilityGlobals) = postSolution
		SolutionGuid = {38B895F2-5FB0-4770-AC6B-10FD0CE4AA94}
	EndGlobalSection
EndGlobal
