
Microsoft Visual Studio Solution File, Format Version 12.00
# Visual Studio Version 16
VisualStudioVersion = 16.0.29709.97
MinimumVisualStudioVersion = 10.0.40219.1
Project("{FAE04EC0-301F-11D3-BF4B-00C04F79EFBC}") = "pr5_1", "pr5_1.csproj", "{65F0341A-0739-4D0F-A5C0-781C3E3582A1}"
EndProject
Global
	GlobalSection(SolutionConfigurationPlatforms) = preSolution
		Debug|Any CPU = Debug|Any CPU
		Release|Any CPU = Release|Any CPU
	EndGlobalSection
	GlobalSection(ProjectConfigurationPlatforms) = postSolution
		{65F0341A-0739-4D0F-A5C0-781C3E3582A1}.Debug|Any CPU.ActiveCfg = Debug|Any CPU
		{65F0341A-0739-4D0F-A5C0-781C3E3582A1}.Debug|Any CPU.Build.0 = Debug|Any CPU
		{65F0341A-0739-4D0F-A5C0-781C3E3582A1}.Release|Any CPU.ActiveCfg = Release|Any CPU
		{65F0341A-0739-4D0F-A5C0-781C3E3582A1}.Release|Any CPU.Build.0 = Release|Any CPU
	EndGlobalSection
	GlobalSection(SolutionProperties) = preSolution
		HideSolutionNode = FALSE
	EndGlobalSection
	GlobalSection(ExtensibilityGlobals) = postSolution
		SolutionGuid = {31E3C7EE-34D3-4301-BA80-9F9A9C3020C1}
	EndGlobalSection
EndGlobal
