
Microsoft Visual Studio Solution File, Format Version 12.00
# Visual Studio Version 16
VisualStudioVersion = 16.0.29709.97
MinimumVisualStudioVersion = 10.0.40219.1
Project("{FAE04EC0-301F-11D3-BF4B-00C04F79EFBC}") = "pr_09_1", "pr_09_1.csproj", "{091B718F-17A2-4734-B249-FF8FF4B534AB}"
EndProject
Global
	GlobalSection(SolutionConfigurationPlatforms) = preSolution
		Debug|Any CPU = Debug|Any CPU
		Release|Any CPU = Release|Any CPU
	EndGlobalSection
	GlobalSection(ProjectConfigurationPlatforms) = postSolution
		{091B718F-17A2-4734-B249-FF8FF4B534AB}.Debug|Any CPU.ActiveCfg = Debug|Any CPU
		{091B718F-17A2-4734-B249-FF8FF4B534AB}.Debug|Any CPU.Build.0 = Debug|Any CPU
		{091B718F-17A2-4734-B249-FF8FF4B534AB}.Release|Any CPU.ActiveCfg = Release|Any CPU
		{091B718F-17A2-4734-B249-FF8FF4B534AB}.Release|Any CPU.Build.0 = Release|Any CPU
	EndGlobalSection
	GlobalSection(SolutionProperties) = preSolution
		HideSolutionNode = FALSE
	EndGlobalSection
	GlobalSection(ExtensibilityGlobals) = postSolution
		SolutionGuid = {CD648AD0-15B3-4962-8B60-6B0C5298CAC5}
	EndGlobalSection
EndGlobal
